
Microsoft Visual Studio Solution File, Format Version 12.00
# Visual Studio Version 17
VisualStudioVersion = 17.0.31521.260
MinimumVisualStudioVersion = 10.0.40219.1
Project("{FAE04EC0-301F-11D3-BF4B-00C04F79EFBC}") = "FC.Extension.SQL", "FC.Extension.SQL.csproj", "{B10A6F57-1E96-4C3E-8E1F-09A6E12A4C8C}"
EndProject
Project("{FAE04EC0-301F-11D3-BF4B-00C04F79EFBC}") = "FC.Extension.SQL.Execution", "..\FC.Extension.SQL.Execution\FC.Extension.SQL.Execution.csproj", "{ED076766-0B4A-43A2-9165-D950AA7026D0}"
EndProject
Global
	GlobalSection(SolutionConfigurationPlatforms) = preSolution
		Debug|Any CPU = Debug|Any CPU
		Release|Any CPU = Release|Any CPU
	EndGlobalSection
	GlobalSection(ProjectConfigurationPlatforms) = postSolution
		{B10A6F57-1E96-4C3E-8E1F-09A6E12A4C8C}.Debug|Any CPU.ActiveCfg = Debug|Any CPU
		{B10A6F57-1E96-4C3E-8E1F-09A6E12A4C8C}.Debug|Any CPU.Build.0 = Debug|Any CPU
		{B10A6F57-1E96-4C3E-8E1F-09A6E12A4C8C}.Release|Any CPU.ActiveCfg = Release|Any CPU
		{B10A6F57-1E96-4C3E-8E1F-09A6E12A4C8C}.Release|Any CPU.Build.0 = Release|Any CPU
		{ED076766-0B4A-43A2-9165-D950AA7026D0}.Debug|Any CPU.ActiveCfg = Debug|Any CPU
		{ED076766-0B4A-43A2-9165-D950AA7026D0}.Debug|Any CPU.Build.0 = Debug|Any CPU
		{ED076766-0B4A-43A2-9165-D950AA7026D0}.Release|Any CPU.ActiveCfg = Release|Any CPU
		{ED076766-0B4A-43A2-9165-D950AA7026D0}.Release|Any CPU.Build.0 = Release|Any CPU
	EndGlobalSection
	GlobalSection(SolutionProperties) = preSolution
		HideSolutionNode = FALSE
	EndGlobalSection
	GlobalSection(ExtensibilityGlobals) = postSolution
		SolutionGuid = {5101F643-E78C-4ACB-9CA9-B129DDC75215}
	EndGlobalSection
EndGlobal
